
Microsoft Visual Studio Solution File, Format Version 12.00
# Visual Studio Express 2013 for Web
VisualStudioVersion = 12.0.20623.1 VSUPREVIEW
MinimumVisualStudioVersion = 10.0.40219.1
Project("{2150E333-8FDC-42A3-9474-1A3956D46DE8}") = ".nuget", ".nuget", "{723FA2AD-147A-4520-8E24-BBA003BB52D9}"
	ProjectSection(SolutionItems) = preProject
		.nuget\NuGet.Config = .nuget\NuGet.Config
		.nuget\NuGet.exe = .nuget\NuGet.exe
		.nuget\NuGet.targets = .nuget\NuGet.targets
	EndProjectSection
EndProject
Project("{FAE04EC0-301F-11D3-BF4B-00C04F79EFBC}") = "ThumbsUp.Service", "ThumbsUp.Service\ThumbsUp.Service.csproj", "{49F56A22-5DE0-4FD6-90D3-5C0474936951}"
EndProject
Project("{FAE04EC0-301F-11D3-BF4B-00C04F79EFBC}") = "ThumbsUp.Console", "ThumbsUp.Console\ThumbsUp.Console.csproj", "{CEE7F542-32AC-4E55-8DFB-BFBA0E173835}"
EndProject
Project("{FAE04EC0-301F-11D3-BF4B-00C04F79EFBC}") = "Nancy.Helper", "..\Nancy.Helper\Nancy.Helper\Nancy.Helper.csproj", "{1561B149-5DCE-417A-BD61-3C6E37645468}"
EndProject
Project("{FAE04EC0-301F-11D3-BF4B-00C04F79EFBC}") = "ThumbsUp.UnitTest", "ThumbsUp.UnitTest\ThumbsUp.UnitTest.csproj", "{E5C36322-A4C7-4C92-8055-4712113B59EB}"
EndProject
Project("{FAE04EC0-301F-11D3-BF4B-00C04F79EFBC}") = "ThumbsUp.Helper", "ThumbsUp.Helper\ThumbsUp.Helper.csproj", "{A99FB1C2-2DD3-4E74-8180-F04DAADEBC77}"
EndProject
Project("{FAE04EC0-301F-11D3-BF4B-00C04F79EFBC}") = "ThumbsUp.Demo.Nancy", "ThumbsUp.Demo.Nancy\ThumbsUp.Demo.Nancy.csproj", "{438DC377-9CFF-4880-AE79-92613975C3E2}"
EndProject
Global
	GlobalSection(SolutionConfigurationPlatforms) = preSolution
		Debug|Any CPU = Debug|Any CPU
		Release|Any CPU = Release|Any CPU
	EndGlobalSection
	GlobalSection(ProjectConfigurationPlatforms) = postSolution
		{49F56A22-5DE0-4FD6-90D3-5C0474936951}.Debug|Any CPU.ActiveCfg = Debug|Any CPU
		{49F56A22-5DE0-4FD6-90D3-5C0474936951}.Debug|Any CPU.Build.0 = Debug|Any CPU
		{49F56A22-5DE0-4FD6-90D3-5C0474936951}.Release|Any CPU.ActiveCfg = Release|Any CPU
		{49F56A22-5DE0-4FD6-90D3-5C0474936951}.Release|Any CPU.Build.0 = Release|Any CPU
		{CEE7F542-32AC-4E55-8DFB-BFBA0E173835}.Debug|Any CPU.ActiveCfg = Debug|Any CPU
		{CEE7F542-32AC-4E55-8DFB-BFBA0E173835}.Debug|Any CPU.Build.0 = Debug|Any CPU
		{CEE7F542-32AC-4E55-8DFB-BFBA0E173835}.Release|Any CPU.ActiveCfg = Release|Any CPU
		{CEE7F542-32AC-4E55-8DFB-BFBA0E173835}.Release|Any CPU.Build.0 = Release|Any CPU
		{1561B149-5DCE-417A-BD61-3C6E37645468}.Debug|Any CPU.ActiveCfg = Debug|Any CPU
		{1561B149-5DCE-417A-BD61-3C6E37645468}.Debug|Any CPU.Build.0 = Debug|Any CPU
		{1561B149-5DCE-417A-BD61-3C6E37645468}.Release|Any CPU.ActiveCfg = Release|Any CPU
		{1561B149-5DCE-417A-BD61-3C6E37645468}.Release|Any CPU.Build.0 = Release|Any CPU
		{E5C36322-A4C7-4C92-8055-4712113B59EB}.Debug|Any CPU.ActiveCfg = Debug|Any CPU
		{E5C36322-A4C7-4C92-8055-4712113B59EB}.Debug|Any CPU.Build.0 = Debug|Any CPU
		{E5C36322-A4C7-4C92-8055-4712113B59EB}.Release|Any CPU.ActiveCfg = Release|Any CPU
		{E5C36322-A4C7-4C92-8055-4712113B59EB}.Release|Any CPU.Build.0 = Release|Any CPU
		{A99FB1C2-2DD3-4E74-8180-F04DAADEBC77}.Debug|Any CPU.ActiveCfg = Debug|Any CPU
		{A99FB1C2-2DD3-4E74-8180-F04DAADEBC77}.Debug|Any CPU.Build.0 = Debug|Any CPU
		{A99FB1C2-2DD3-4E74-8180-F04DAADEBC77}.Release|Any CPU.ActiveCfg = Release|Any CPU
		{A99FB1C2-2DD3-4E74-8180-F04DAADEBC77}.Release|Any CPU.Build.0 = Release|Any CPU
		{438DC377-9CFF-4880-AE79-92613975C3E2}.Debug|Any CPU.ActiveCfg = Debug|Any CPU
		{438DC377-9CFF-4880-AE79-92613975C3E2}.Debug|Any CPU.Build.0 = Debug|Any CPU
		{438DC377-9CFF-4880-AE79-92613975C3E2}.Release|Any CPU.ActiveCfg = Release|Any CPU
		{438DC377-9CFF-4880-AE79-92613975C3E2}.Release|Any CPU.Build.0 = Release|Any CPU
	EndGlobalSection
	GlobalSection(SolutionProperties) = preSolution
		HideSolutionNode = FALSE
	EndGlobalSection
EndGlobal
